
Microsoft Visual Studio Solution File, Format Version 11.00
# Visual Studio 2010
Project("{FAE04EC0-301F-11D3-BF4B-00C04F79EFBC}") = "GitHub_CustomerIO_DotNET_Interface", "GitHub_CustomerIO_DotNET_Interface\GitHub_CustomerIO_DotNET_Interface.csproj", "{7487FB7A-1332-4345-85E8-94D0C6E700B9}"
EndProject
Global
	GlobalSection(SolutionConfigurationPlatforms) = preSolution
		Debug|x86 = Debug|x86
		Release|x86 = Release|x86
	EndGlobalSection
	GlobalSection(ProjectConfigurationPlatforms) = postSolution
		{7487FB7A-1332-4345-85E8-94D0C6E700B9}.Debug|x86.ActiveCfg = Debug|x86
		{7487FB7A-1332-4345-85E8-94D0C6E700B9}.Debug|x86.Build.0 = Debug|x86
		{7487FB7A-1332-4345-85E8-94D0C6E700B9}.Release|x86.ActiveCfg = Release|x86
		{7487FB7A-1332-4345-85E8-94D0C6E700B9}.Release|x86.Build.0 = Release|x86
	EndGlobalSection
	GlobalSection(SolutionProperties) = preSolution
		HideSolutionNode = FALSE
	EndGlobalSection
EndGlobal
